// !$*UTF8*$!
{
	archiveVersion = 1;
	classes = {
	};
	objectVersion = 46;
	objects = {

/* Begin PBXBuildFile section */
		6378BB8019E19282009B9481 /* main.m in Sources */ = {isa = PBXBuildFile; fileRef = 6378BB7F19E19282009B9481 /* main.m */; };
		6378BB8319E19282009B9481 /* AppDelegate.m in Sources */ = {isa = PBXBuildFile; fileRef = 6378BB8219E19282009B9481 /* AppDelegate.m */; };
		6378BB8619E19282009B9481 /* ViewController.m in Sources */ = {isa = PBXBuildFile; fileRef = 6378BB8519E19282009B9481 /* ViewController.m */; };
		6378BB8919E19282009B9481 /* Main.storyboard in Resources */ = {isa = PBXBuildFile; fileRef = 6378BB8719E19282009B9481 /* Main.storyboard */; };
		6378BB8B19E19282009B9481 /* Images.xcassets in Resources */ = {isa = PBXBuildFile; fileRef = 6378BB8A19E19282009B9481 /* Images.xcassets */; };
		6378BB8E19E19282009B9481 /* LaunchScreen.xib in Resources */ = {isa = PBXBuildFile; fileRef = 6378BB8C19E19282009B9481 /* LaunchScreen.xib */; };
		6378BB9A19E19282009B9481 /* WhereIAmTests.m in Sources */ = {isa = PBXBuildFile; fileRef = 6378BB9919E19282009B9481 /* WhereIAmTests.m */; };
/* End PBXBuildFile section */

/* Begin PBXContainerItemProxy section */
		6378BB9419E19282009B9481 /* PBXContainerItemProxy */ = {
			isa = PBXContainerItemProxy;
			containerPortal = 6378BB7219E19282009B9481 /* Project object */;
			proxyType = 1;
			remoteGlobalIDString = 6378BB7919E19282009B9481;
			remoteInfo = WhereIAm;
		};
/* End PBXContainerItemProxy section */

/* Begin PBXFileReference section */
		6378BB7A19E19282009B9481 /* WhereIAm.app */ = {isa = PBXFileReference; explicitFileType = wrapper.application; includeInIndex = 0; path = WhereIAm.app; sourceTree = BUILT_PRODUCTS_DIR; };
		6378BB7E19E19282009B9481 /* Info.plist */ = {isa = PBXFileReference; lastKnownFileType = text.plist.xml; path = Info.plist; sourceTree = "<group>"; };
		6378BB7F19E19282009B9481 /* main.m */ = {isa = PBXFileReference; lastKnownFileType = sourcecode.c.objc; path = main.m; sourceTree = "<group>"; };
		6378BB8119E19282009B9481 /* AppDelegate.h */ = {isa = PBXFileReference; lastKnownFileType = sourcecode.c.h; path = AppDelegate.h; sourceTree = "<group>"; };
		6378BB8219E19282009B9481 /* AppDelegate.m */ = {isa = PBXFileReference; lastKnownFileType = sourcecode.c.objc; path = AppDelegate.m; sourceTree = "<group>"; };
		6378BB8419E19282009B9481 /* ViewController.h */ = {isa = PBXFileReference; lastKnownFileType = sourcecode.c.h; path = ViewController.h; sourceTree = "<group>"; };
		6378BB8519E19282009B9481 /* ViewController.m */ = {isa = PBXFileReference; lastKnownFileType = sourcecode.c.objc; path = ViewController.m; sourceTree = "<group>"; };
		6378BB8819E19282009B9481 /* Base */ = {isa = PBXFileReference; lastKnownFileType = file.storyboard; name = Base; path = Base.lproj/Main.storyboard; sourceTree = "<group>"; };
		6378BB8A19E19282009B9481 /* Images.xcassets */ = {isa = PBXFileReference; lastKnownFileType = folder.assetcatalog; path = Images.xcassets; sourceTree = "<group>"; };
		6378BB8D19E19282009B9481 /* Base */ = {isa = PBXFileReference; lastKnownFileType = file.xib; name = Base; path = Base.lproj/LaunchScreen.xib; sourceTree = "<group>"; };
		6378BB9319E19282009B9481 /* WhereIAmTests.xctest */ = {isa = PBXFileReference; explicitFileType = wrapper.cfbundle; includeInIndex = 0; path = WhereIAmTests.xctest; sourceTree = BUILT_PRODUCTS_DIR; };
		6378BB9819E19282009B9481 /* Info.plist */ = {isa = PBXFileReference; lastKnownFileType = text.plist.xml; path = Info.plist; sourceTree = "<group>"; };
		6378BB9919E19282009B9481 /* WhereIAmTests.m */ = {isa = PBXFileReference; lastKnownFileType = sourcecode.c.objc; path = WhereIAmTests.m; sourceTree = "<group>"; };
/* End PBXFileReference section */

/* Begin PBXFrameworksBuildPhase section */
		6378BB7719E19282009B9481 /* Frameworks */ = {
			isa = PBXFrameworksBuildPhase;
			buildActionMask = 2147483647;
			files = (
			);
			runOnlyForDeploymentPostprocessing = 0;
		};
		6378BB9019E19282009B9481 /* Frameworks */ = {
			isa = PBXFrameworksBuildPhase;
			buildActionMask = 2147483647;
			files = (
			);
			runOnlyForDeploymentPostprocessing = 0;
		};
/* End PBXFrameworksBuildPhase section */

/* Begin PBXGroup section */
		6378BB7119E19282009B9481 = {
			isa = PBXGroup;
			children = (
				6378BB7C19E19282009B9481 /* WhereIAm */,
				6378BB9619E19282009B9481 /* WhereIAmTests */,
				6378BB7B19E19282009B9481 /* Products */,
			);
			sourceTree = "<group>";
		};
		6378BB7B19E19282009B9481 /* Products */ = {
			isa = PBXGroup;
			children = (
				6378BB7A19E19282009B9481 /* WhereIAm.app */,
				6378BB9319E19282009B9481 /* WhereIAmTests.xctest */,
			);
			name = Products;
			sourceTree = "<group>";
		};
		6378BB7C19E19282009B9481 /* WhereIAm */ = {
			isa = PBXGroup;
			children = (
				6378BB8119E19282009B9481 /* AppDelegate.h */,
				6378BB8219E19282009B9481 /* AppDelegate.m */,
				6378BB8419E19282009B9481 /* ViewController.h */,
				6378BB8519E19282009B9481 /* ViewController.m */,
				6378BB8719E19282009B9481 /* Main.storyboard */,
				6378BB8A19E19282009B9481 /* Images.xcassets */,
				6378BB8C19E19282009B9481 /* LaunchScreen.xib */,
				6378BB7D19E19282009B9481 /* Supporting Files */,
			);
			path = WhereIAm;
			sourceTree = "<group>";
		};
		6378BB7D19E19282009B9481 /* Supporting Files */ = {
			isa = PBXGroup;
			children = (
				6378BB7E19E19282009B9481 /* Info.plist */,
				6378BB7F19E19282009B9481 /* main.m */,
			);
			name = "Supporting Files";
			sourceTree = "<group>";
		};
		6378BB9619E19282009B9481 /* WhereIAmTests */ = {
			isa = PBXGroup;
			children = (
				6378BB9919E19282009B9481 /* WhereIAmTests.m */,
				6378BB9719E19282009B9481 /* Supporting Files */,
			);
			path = WhereIAmTests;
			sourceTree = "<group>";
		};
		6378BB9719E19282009B9481 /* Supporting Files */ = {
			isa = PBXGroup;
			children = (
				6378BB9819E19282009B9481 /* Info.plist */,
			);
			name = "Supporting Files";
			sourceTree = "<group>";
		};
/* End PBXGroup section */

/* Begin PBXNativeTarget section */
		6378BB7919E19282009B9481 /* WhereIAm */ = {
			isa = PBXNativeTarget;
			buildConfigurationList = 6378BB9D19E19282009B9481 /* Build configuration list for PBXNativeTarget "WhereIAm" */;
			buildPhases = (
				6378BB7619E19282009B9481 /* Sources */,
				6378BB7719E19282009B9481 /* Frameworks */,
				6378BB7819E19282009B9481 /* Resources */,
			);
			buildRules = (
			);
			dependencies = (
			);
			name = WhereIAm;
			productName = WhereIAm;
			productReference = 6378BB7A19E19282009B9481 /* WhereIAm.app */;
			productType = "com.apple.product-type.application";
		};
		6378BB9219E19282009B9481 /* WhereIAmTests */ = {
			isa = PBXNativeTarget;
			buildConfigurationList = 6378BBA019E19282009B9481 /* Build configuration list for PBXNativeTarget "WhereIAmTests" */;
			buildPhases = (
				6378BB8F19E19282009B9481 /* Sources */,
				6378BB9019E19282009B9481 /* Frameworks */,
				6378BB9119E19282009B9481 /* Resources */,
			);
			buildRules = (
			);
			dependencies = (
				6378BB9519E19282009B9481 /* PBXTargetDependency */,
			);
			name = WhereIAmTests;
			productName = WhereIAmTests;
			productReference = 6378BB9319E19282009B9481 /* WhereIAmTests.xctest */;
			productType = "com.apple.product-type.bundle.unit-test";
		};
/* End PBXNativeTarget section */

/* Begin PBXProject section */
		6378BB7219E19282009B9481 /* Project object */ = {
			isa = PBXProject;
			attributes = {
				LastUpgradeCheck = 0600;
				ORGANIZATIONNAME = "Rafal Wesolowski";
				TargetAttributes = {
					6378BB7919E19282009B9481 = {
						CreatedOnToolsVersion = 6.0.1;
					};
					6378BB9219E19282009B9481 = {
						CreatedOnToolsVersion = 6.0.1;
						TestTargetID = 6378BB7919E19282009B9481;
					};
				};
			};
			buildConfigurationList = 6378BB7519E19282009B9481 /* Build configuration list for PBXProject "WhereIAm" */;
			compatibilityVersion = "Xcode 3.2";
			developmentRegion = English;
			hasScannedForEncodings = 0;
			knownRegions = (
				en,
				Base,
			);
			mainGroup = 6378BB7119E19282009B9481;
			productRefGroup = 6378BB7B19E19282009B9481 /* Products */;
			projectDirPath = "";
			projectRoot = "";
			targets = (
				6378BB7919E19282009B9481 /* WhereIAm */,
				6378BB9219E19282009B9481 /* WhereIAmTests */,
			);
		};
/* End PBXProject section */

/* Begin PBXResourcesBuildPhase section */
		6378BB7819E19282009B9481 /* Resources */ = {
			isa = PBXResourcesBuildPhase;
			buildActionMask = 2147483647;
			files = (
				6378BB8919E19282009B9481 /* Main.storyboard in Resources */,
				6378BB8E19E19282009B9481 /* LaunchScreen.xib in Resources */,
				6378BB8B19E19282009B9481 /* Images.xcassets in Resources */,
			);
			runOnlyForDeploymentPostprocessing = 0;
		};
		6378BB9119E19282009B9481 /* Resources */ = {
			isa = PBXResourcesBuildPhase;
			buildActionMask = 2147483647;
			files = (
			);
			runOnlyForDeploymentPostprocessing = 0;
		};
/* End PBXResourcesBuildPhase section */

/* Begin PBXSourcesBuildPhase section */
		6378BB7619E19282009B9481 /* Sources */ = {
			isa = PBXSourcesBuildPhase;
			buildActionMask = 2147483647;
			files = (
				6378BB8619E19282009B9481 /* ViewController.m in Sources */,
				6378BB8319E19282009B9481 /* AppDelegate.m in Sources */,
				6378BB8019E19282009B9481 /* main.m in Sources */,
			);
			runOnlyForDeploymentPostprocessing = 0;
		};
		6378BB8F19E19282009B9481 /* Sources */ = {
			isa = PBXSourcesBuildPhase;
			buildActionMask = 2147483647;
			files = (
				6378BB9A19E19282009B9481 /* WhereIAmTests.m in Sources */,
			);
			runOnlyForDeploymentPostprocessing = 0;
		};
/* End PBXSourcesBuildPhase section */

/* Begin PBXTargetDependency section */
		6378BB9519E19282009B9481 /* PBXTargetDependency */ = {
			isa = PBXTargetDependency;
			target = 6378BB7919E19282009B9481 /* WhereIAm */;
			targetProxy = 6378BB9419E19282009B9481 /* PBXContainerItemProxy */;
		};
/* End PBXTargetDependency section */

/* Begin PBXVariantGroup section */
		6378BB8719E19282009B9481 /* Main.storyboard */ = {
			isa = PBXVariantGroup;
			children = (
				6378BB8819E19282009B9481 /* Base */,
			);
			name = Main.storyboard;
			sourceTree = "<group>";
		};
		6378BB8C19E19282009B9481 /* LaunchScreen.xib */ = {
			isa = PBXVariantGroup;
			children = (
				6378BB8D19E19282009B9481 /* Base */,
			);
			name = LaunchScreen.xib;
			sourceTree = "<group>";
		};
/* End PBXVariantGroup section */

/* Begin XCBuildConfiguration section */
		6378BB9B19E19282009B9481 /* Debug */ = {
			isa = XCBuildConfiguration;
			buildSettings = {
				ALWAYS_SEARCH_USER_PATHS = NO;
				CLANG_CXX_LANGUAGE_STANDARD = "gnu++0x";
				CLANG_CXX_LIBRARY = "libc++";
				CLANG_ENABLE_MODULES = YES;
				CLANG_ENABLE_OBJC_ARC = YES;
				CLANG_WARN_BOOL_CONVERSION = YES;
				CLANG_WARN_CONSTANT_CONVERSION = YES;
				CLANG_WARN_DIRECT_OBJC_ISA_USAGE = YES_ERROR;
				CLANG_WARN_EMPTY_BODY = YES;
				CLANG_WARN_ENUM_CONVERSION = YES;
				CLANG_WARN_INT_CONVERSION = YES;
				CLANG_WARN_OBJC_ROOT_CLASS = YES_ERROR;
				CLANG_WARN_UNREACHABLE_CODE = YES;
				CLANG_WARN__DUPLICATE_METHOD_MATCH = YES;
				"CODE_SIGN_IDENTITY[sdk=iphoneos*]" = "iPhone Developer";
				COPY_PHASE_STRIP = NO;
				ENABLE_STRICT_OBJC_MSGSEND = YES;
				GCC_C_LANGUAGE_STANDARD = gnu99;
				GCC_DYNAMIC_NO_PIC = NO;
				GCC_OPTIMIZATION_LEVEL = 0;
				GCC_PREPROCESSOR_DEFINITIONS = (
					"DEBUG=1",
					"$(inherited)",
				);
				GCC_SYMBOLS_PRIVATE_EXTERN = NO;
				GCC_WARN_64_TO_32_BIT_CONVERSION = YES;
				GCC_WARN_ABOUT_RETURN_TYPE = YES_ERROR;
				GCC_WARN_UNDECLARED_SELECTOR = YES;
				GCC_WARN_UNINITIALIZED_AUTOS = YES_AGGRESSIVE;
				GCC_WARN_UNUSED_FUNCTION = YES;
				GCC_WARN_UNUSED_VARIABLE = YES;
				IPHONEOS_DEPLOYMENT_TARGET = 8.0;
				MTL_ENABLE_DEBUG_INFO = YES;
				ONLY_ACTIVE_ARCH = YES;
				SDKROOT = iphoneos;
			};
			name = Debug;
		};
		6378BB9C19E19282009B9481 /* Release */ = {
			isa = XCBuildConfiguration;
			buildSettings = {
				ALWAYS_SEARCH_USER_PATHS = NO;
				CLANG_CXX_LANGUAGE_STANDARD = "gnu++0x";
				CLANG_CXX_LIBRARY = "libc++";
				CLANG_ENABLE_MODULES = YES;
				CLANG_ENABLE_OBJC_ARC = YES;
				CLANG_WARN_BOOL_CONVERSION = YES;
				CLANG_WARN_CONSTANT_CONVERSION = YES;
				CLANG_WARN_DIRECT_OBJC_ISA_USAGE = YES_ERROR;
				CLANG_WARN_EMPTY_BODY = YES;
				CLANG_WARN_ENUM_CONVERSION = YES;
				CLANG_WARN_INT_CONVERSION = YES;
				CLANG_WARN_OBJC_ROOT_CLASS = YES_ERROR;
				CLANG_WARN_UNREACHABLE_CODE = YES;
				CLANG_WARN__DUPLICATE_METHOD_MATCH = YES;
				"CODE_SIGN_IDENTITY[sdk=iphoneos*]" = "iPhone Developer";
				COPY_PHASE_STRIP = YES;
				ENABLE_NS_ASSERTIONS = NO;
				ENABLE_STRICT_OBJC_MSGSEND = YES;
				GCC_C_LANGUAGE_STANDARD = gnu99;
				GCC_WARN_64_TO_32_BIT_CONVERSION = YES;
				GCC_WARN_ABOUT_RETURN_TYPE = YES_ERROR;
				GCC_WARN_UNDECLARED_SELECTOR = YES;
				GCC_WARN_UNINITIALIZED_AUTOS = YES_AGGRESSIVE;
				GCC_WARN_UNUSED_FUNCTION = YES;
				GCC_WARN_UNUSED_VARIABLE = YES;
				IPHONEOS_DEPLOYMENT_TARGET = 8.0;
				MTL_ENABLE_DEBUG_INFO = NO;
				SDKROOT = iphoneos;
				VALIDATE_PRODUCT = YES;
			};
			name = Release;
		};
		6378BB9E19E19282009B9481 /* Debug */ = {
			isa = XCBuildConfiguration;
			buildSettings = {
				ASSETCATALOG_COMPILER_APPICON_NAME = AppIcon;
				INFOPLIST_FILE = WhereIAm/Info.plist;
				LD_RUNPATH_SEARCH_PATHS = "$(inherited) @executable_path/Frameworks";
				PRODUCT_NAME = "$(TARGET_NAME)";
			};
			name = Debug;
		};
		6378BB9F19E19282009B9481 /* Release */ = {
			isa = XCBuildConfiguration;
			buildSettings = {
				ASSETCATALOG_COMPILER_APPICON_NAME = AppIcon;
				INFOPLIST_FILE = WhereIAm/Info.plist;
				LD_RUNPATH_SEARCH_PATHS = "$(inherited) @executable_path/Frameworks";
				PRODUCT_NAME = "$(TARGET_NAME)";
			};
			name = Release;
		};
		6378BBA119E19282009B9481 /* Debug */ = {
			isa = XCBuildConfiguration;
			buildSettings = {
				BUNDLE_LOADER = "$(TEST_HOST)";
				FRAMEWORK_SEARCH_PATHS = (
					"$(SDKROOT)/Developer/Library/Frameworks",
					"$(inherited)",
				);
				GCC_PREPROCESSOR_DEFINITIONS = (
					"DEBUG=1",
					"$(inherited)",
				);
				INFOPLIST_FILE = WhereIAmTests/Info.plist;
				LD_RUNPATH_SEARCH_PATHS = "$(inherited) @executable_path/Frameworks @loader_path/Frameworks";
				PRODUCT_NAME = "$(TARGET_NAME)";
				TEST_HOST = "$(BUILT_PRODUCTS_DIR)/WhereIAm.app/WhereIAm";
			};
			name = Debug;
		};
		6378BBA219E19282009B9481 /* Release */ = {
			isa = XCBuildConfiguration;
			buildSettings = {
				BUNDLE_LOADER = "$(TEST_HOST)";
				FRAMEWORK_SEARCH_PATHS = (
					"$(SDKROOT)/Developer/Library/Frameworks",
					"$(inherited)",
				);
				INFOPLIST_FILE = WhereIAmTests/Info.plist;
				LD_RUNPATH_SEARCH_PATHS = "$(inherited) @executable_path/Frameworks @loader_path/Frameworks";
				PRODUCT_NAME = "$(TARGET_NAME)";
				TEST_HOST = "$(BUILT_PRODUCTS_DIR)/WhereIAm.app/WhereIAm";
			};
			name = Release;
		};
/* End XCBuildConfiguration section */

/* Begin XCConfigurationList section */
		6378BB7519E19282009B9481 /* Build configuration list for PBXProject "WhereIAm" */ = {
			isa = XCConfigurationList;
			buildConfigurations = (
				6378BB9B19E19282009B9481 /* Debug */,
				6378BB9C19E19282009B9481 /* Release */,
			);
			defaultConfigurationIsVisible = 0;
			defaultConfigurationName = Release;
		};
		6378BB9D19E19282009B9481 /* Build configuration list for PBXNativeTarget "WhereIAm" */ = {
			isa = XCConfigurationList;
			buildConfigurations = (
				6378BB9E19E19282009B9481 /* Debug */,
				6378BB9F19E19282009B9481 /* Release */,
			);
			defaultConfigurationIsVisible = 0;
		};
		6378BBA019E19282009B9481 /* Build configuration list for PBXNativeTarget "WhereIAmTests" */ = {
			isa = XCConfigurationList;
			buildConfigurations = (
				6378BBA119E19282009B9481 /* Debug */,
				6378BBA219E19282009B9481 /* Release */,
			);
			defaultConfigurationIsVisible = 0;
		};
/* End XCConfigurationList section */
	};
	rootObject = 6378BB7219E19282009B9481 /* Project object */;
}
